// !$*UTF8*$!
{
	archiveVersion = 1;
	classes = {
	};
	objectVersion = 46;
	objects = {

/* Begin PBXBuildFile section */
		5161B43B17A37CE500AEE2C9 /* UIKit.framework in Frameworks */ = {isa = PBXBuildFile; fileRef = 5161B43A17A37CE500AEE2C9 /* UIKit.framework */; };
		5161B43D17A37CE500AEE2C9 /* Foundation.framework in Frameworks */ = {isa = PBXBuildFile; fileRef = 5161B43C17A37CE500AEE2C9 /* Foundation.framework */; };
		5161B43F17A37CE500AEE2C9 /* CoreGraphics.framework in Frameworks */ = {isa = PBXBuildFile; fileRef = 5161B43E17A37CE500AEE2C9 /* CoreGraphics.framework */; };
		5161B44517A37CE500AEE2C9 /* InfoPlist.strings in Resources */ = {isa = PBXBuildFile; fileRef = 5161B44317A37CE500AEE2C9 /* InfoPlist.strings */; };
		5161B44717A37CE500AEE2C9 /* main.m in Sources */ = {isa = PBXBuildFile; fileRef = 5161B44617A37CE500AEE2C9 /* main.m */; };
		5161B44B17A37CE500AEE2C9 /* AppDelegate.m in Sources */ = {isa = PBXBuildFile; fileRef = 5161B44A17A37CE500AEE2C9 /* AppDelegate.m */; };
		5161B44D17A37CE500AEE2C9 /* Default.png in Resources */ = {isa = PBXBuildFile; fileRef = 5161B44C17A37CE500AEE2C9 /* Default.png */; };
		5161B44F17A37CE500AEE2C9 /* Default@2x.png in Resources */ = {isa = PBXBuildFile; fileRef = 5161B44E17A37CE500AEE2C9 /* Default@2x.png */; };
		5161B45117A37CE500AEE2C9 /* Default-568h@2x.png in Resources */ = {isa = PBXBuildFile; fileRef = 5161B45017A37CE500AEE2C9 /* Default-568h@2x.png */; };
		5161B45417A37CE500AEE2C9 /* ViewController.m in Sources */ = {isa = PBXBuildFile; fileRef = 5161B45317A37CE500AEE2C9 /* ViewController.m */; };
		5161B45717A37CE500AEE2C9 /* ViewController.xib in Resources */ = {isa = PBXBuildFile; fileRef = 5161B45517A37CE500AEE2C9 /* ViewController.xib */; };
/* End PBXBuildFile section */

/* Begin PBXFileReference section */
		5161B43717A37CE500AEE2C9 /* GitHubDemo.app */ = {isa = PBXFileReference; explicitFileType = wrapper.application; includeInIndex = 0; path = GitHubDemo.app; sourceTree = BUILT_PRODUCTS_DIR; };
		5161B43A17A37CE500AEE2C9 /* UIKit.framework */ = {isa = PBXFileReference; lastKnownFileType = wrapper.framework; name = UIKit.framework; path = System/Library/Frameworks/UIKit.framework; sourceTree = SDKROOT; };
		5161B43C17A37CE500AEE2C9 /* Foundation.framework */ = {isa = PBXFileReference; lastKnownFileType = wrapper.framework; name = Foundation.framework; path = System/Library/Frameworks/Foundation.framework; sourceTree = SDKROOT; };
		5161B43E17A37CE500AEE2C9 /* CoreGraphics.framework */ = {isa = PBXFileReference; lastKnownFileType = wrapper.framework; name = CoreGraphics.framework; path = System/Library/Frameworks/CoreGraphics.framework; sourceTree = SDKROOT; };
		5161B44217A37CE500AEE2C9 /* GitHubDemo-Info.plist */ = {isa = PBXFileReference; lastKnownFileType = text.plist.xml; path = "GitHubDemo-Info.plist"; sourceTree = "<group>"; };
		5161B44417A37CE500AEE2C9 /* en */ = {isa = PBXFileReference; lastKnownFileType = text.plist.strings; name = en; path = en.lproj/InfoPlist.strings; sourceTree = "<group>"; };
		5161B44617A37CE500AEE2C9 /* main.m */ = {isa = PBXFileReference; lastKnownFileType = sourcecode.c.objc; path = main.m; sourceTree = "<group>"; };
		5161B44817A37CE500AEE2C9 /* GitHubDemo-Prefix.pch */ = {isa = PBXFileReference; lastKnownFileType = sourcecode.c.h; path = "GitHubDemo-Prefix.pch"; sourceTree = "<group>"; };
		5161B44917A37CE500AEE2C9 /* AppDelegate.h */ = {isa = PBXFileReference; lastKnownFileType = sourcecode.c.h; path = AppDelegate.h; sourceTree = "<group>"; };
		5161B44A17A37CE500AEE2C9 /* AppDelegate.m */ = {isa = PBXFileReference; lastKnownFileType = sourcecode.c.objc; path = AppDelegate.m; sourceTree = "<group>"; };
		5161B44C17A37CE500AEE2C9 /* Default.png */ = {isa = PBXFileReference; lastKnownFileType = image.png; path = Default.png; sourceTree = "<group>"; };
		5161B44E17A37CE500AEE2C9 /* Default@2x.png */ = {isa = PBXFileReference; lastKnownFileType = image.png; path = "Default@2x.png"; sourceTree = "<group>"; };
		5161B45017A37CE500AEE2C9 /* Default-568h@2x.png */ = {isa = PBXFileReference; lastKnownFileType = image.png; path = "Default-568h@2x.png"; sourceTree = "<group>"; };
		5161B45217A37CE500AEE2C9 /* ViewController.h */ = {isa = PBXFileReference; lastKnownFileType = sourcecode.c.h; path = ViewController.h; sourceTree = "<group>"; };
		5161B45317A37CE500AEE2C9 /* ViewController.m */ = {isa = PBXFileReference; lastKnownFileType = sourcecode.c.objc; path = ViewController.m; sourceTree = "<group>"; };
		5161B45617A37CE500AEE2C9 /* en */ = {isa = PBXFileReference; lastKnownFileType = file.xib; name = en; path = en.lproj/ViewController.xib; sourceTree = "<group>"; };
/* End PBXFileReference section */

/* Begin PBXFrameworksBuildPhase section */
		5161B43417A37CE500AEE2C9 /* Frameworks */ = {
			isa = PBXFrameworksBuildPhase;
			buildActionMask = 2147483647;
			files = (
				5161B43B17A37CE500AEE2C9 /* UIKit.framework in Frameworks */,
				5161B43D17A37CE500AEE2C9 /* Foundation.framework in Frameworks */,
				5161B43F17A37CE500AEE2C9 /* CoreGraphics.framework in Frameworks */,
			);
			runOnlyForDeploymentPostprocessing = 0;
		};
/* End PBXFrameworksBuildPhase section */

/* Begin PBXGroup section */
		5161B42E17A37CE500AEE2C9 = {
			isa = PBXGroup;
			children = (
				5161B44017A37CE500AEE2C9 /* GitHubDemo */,
				5161B43917A37CE500AEE2C9 /* Frameworks */,
				5161B43817A37CE500AEE2C9 /* Products */,
			);
			sourceTree = "<group>";
		};
		5161B43817A37CE500AEE2C9 /* Products */ = {
			isa = PBXGroup;
			children = (
				5161B43717A37CE500AEE2C9 /* GitHubDemo.app */,
			);
			name = Products;
			sourceTree = "<group>";
		};
		5161B43917A37CE500AEE2C9 /* Frameworks */ = {
			isa = PBXGroup;
			children = (
				5161B43A17A37CE500AEE2C9 /* UIKit.framework */,
				5161B43C17A37CE500AEE2C9 /* Foundation.framework */,
				5161B43E17A37CE500AEE2C9 /* CoreGraphics.framework */,
			);
			name = Frameworks;
			sourceTree = "<group>";
		};
		5161B44017A37CE500AEE2C9 /* GitHubDemo */ = {
			isa = PBXGroup;
			children = (
				5161B44917A37CE500AEE2C9 /* AppDelegate.h */,
				5161B44A17A37CE500AEE2C9 /* AppDelegate.m */,
				5161B45217A37CE500AEE2C9 /* ViewController.h */,
				5161B45317A37CE500AEE2C9 /* ViewController.m */,
				5161B45517A37CE500AEE2C9 /* ViewController.xib */,
				5161B44117A37CE500AEE2C9 /* Supporting Files */,
			);
			path = GitHubDemo;
			sourceTree = "<group>";
		};
		5161B44117A37CE500AEE2C9 /* Supporting Files */ = {
			isa = PBXGroup;
			children = (
				5161B44217A37CE500AEE2C9 /* GitHubDemo-Info.plist */,
				5161B44317A37CE500AEE2C9 /* InfoPlist.strings */,
				5161B44617A37CE500AEE2C9 /* main.m */,
				5161B44817A37CE500AEE2C9 /* GitHubDemo-Prefix.pch */,
				5161B44C17A37CE500AEE2C9 /* Default.png */,
				5161B44E17A37CE500AEE2C9 /* Default@2x.png */,
				5161B45017A37CE500AEE2C9 /* Default-568h@2x.png */,
			);
			name = "Supporting Files";
			sourceTree = "<group>";
		};
/* End PBXGroup section */

/* Begin PBXNativeTarget section */
		5161B43617A37CE500AEE2C9 /* GitHubDemo */ = {
			isa = PBXNativeTarget;
			buildConfigurationList = 5161B45A17A37CE500AEE2C9 /* Build configuration list for PBXNativeTarget "GitHubDemo" */;
			buildPhases = (
				5161B43317A37CE500AEE2C9 /* Sources */,
				5161B43417A37CE500AEE2C9 /* Frameworks */,
				5161B43517A37CE500AEE2C9 /* Resources */,
			);
			buildRules = (
			);
			dependencies = (
			);
			name = GitHubDemo;
			productName = GitHubDemo;
			productReference = 5161B43717A37CE500AEE2C9 /* GitHubDemo.app */;
			productType = "com.apple.product-type.application";
		};
/* End PBXNativeTarget section */

/* Begin PBXProject section */
		5161B42F17A37CE500AEE2C9 /* Project object */ = {
			isa = PBXProject;
			attributes = {
				LastUpgradeCheck = 0460;
				ORGANIZATIONNAME = HeQingbao;
			};
			buildConfigurationList = 5161B43217A37CE500AEE2C9 /* Build configuration list for PBXProject "GitHubDemo" */;
			compatibilityVersion = "Xcode 3.2";
			developmentRegion = English;
			hasScannedForEncodings = 0;
			knownRegions = (
				en,
			);
			mainGroup = 5161B42E17A37CE500AEE2C9;
			productRefGroup = 5161B43817A37CE500AEE2C9 /* Products */;
			projectDirPath = "";
			projectRoot = "";
			targets = (
				5161B43617A37CE500AEE2C9 /* GitHubDemo */,
			);
		};
/* End PBXProject section */

/* Begin PBXResourcesBuildPhase section */
		5161B43517A37CE500AEE2C9 /* Resources */ = {
			isa = PBXResourcesBuildPhase;
			buildActionMask = 2147483647;
			files = (
				5161B44517A37CE500AEE2C9 /* InfoPlist.strings in Resources */,
				5161B44D17A37CE500AEE2C9 /* Default.png in Resources */,
				5161B44F17A37CE500AEE2C9 /* Default@2x.png in Resources */,
				5161B45117A37CE500AEE2C9 /* Default-568h@2x.png in Resources */,
				5161B45717A37CE500AEE2C9 /* ViewController.xib in Resources */,
			);
			runOnlyForDeploymentPostprocessing = 0;
		};
/* End PBXResourcesBuildPhase section */

/* Begin PBXSourcesBuildPhase section */
		5161B43317A37CE500AEE2C9 /* Sources */ = {
			isa = PBXSourcesBuildPhase;
			buildActionMask = 2147483647;
			files = (
				5161B44717A37CE500AEE2C9 /* main.m in Sources */,
				5161B44B17A37CE500AEE2C9 /* AppDelegate.m in Sources */,
				5161B45417A37CE500AEE2C9 /* ViewController.m in Sources */,
			);
			runOnlyForDeploymentPostprocessing = 0;
		};
/* End PBXSourcesBuildPhase section */

/* Begin PBXVariantGroup section */
		5161B44317A37CE500AEE2C9 /* InfoPlist.strings */ = {
			isa = PBXVariantGroup;
			children = (
				5161B44417A37CE500AEE2C9 /* en */,
			);
			name = InfoPlist.strings;
			sourceTree = "<group>";
		};
		5161B45517A37CE500AEE2C9 /* ViewController.xib */ = {
			isa = PBXVariantGroup;
			children = (
				5161B45617A37CE500AEE2C9 /* en */,
			);
			name = ViewController.xib;
			sourceTree = "<group>";
		};
/* End PBXVariantGroup section */

/* Begin XCBuildConfiguration section */
		5161B45817A37CE500AEE2C9 /* Debug */ = {
			isa = XCBuildConfiguration;
			buildSettings = {
				ALWAYS_SEARCH_USER_PATHS = NO;
				CLANG_CXX_LANGUAGE_STANDARD = "gnu++0x";
				CLANG_CXX_LIBRARY = "libc++";
				CLANG_WARN_CONSTANT_CONVERSION = YES;
				CLANG_WARN_EMPTY_BODY = YES;
				CLANG_WARN_ENUM_CONVERSION = YES;
				CLANG_WARN_INT_CONVERSION = YES;
				CLANG_WARN__DUPLICATE_METHOD_MATCH = YES;
				"CODE_SIGN_IDENTITY[sdk=iphoneos*]" = "iPhone Developer";
				COPY_PHASE_STRIP = NO;
				GCC_C_LANGUAGE_STANDARD = gnu99;
				GCC_DYNAMIC_NO_PIC = NO;
				GCC_OPTIMIZATION_LEVEL = 0;
				GCC_PREPROCESSOR_DEFINITIONS = (
					"DEBUG=1",
					"$(inherited)",
				);
				GCC_SYMBOLS_PRIVATE_EXTERN = NO;
				GCC_WARN_ABOUT_RETURN_TYPE = YES;
				GCC_WARN_UNINITIALIZED_AUTOS = YES;
				GCC_WARN_UNUSED_VARIABLE = YES;
				IPHONEOS_DEPLOYMENT_TARGET = 6.1;
				ONLY_ACTIVE_ARCH = YES;
				SDKROOT = iphoneos;
			};
			name = Debug;
		};
		5161B45917A37CE500AEE2C9 /* Release */ = {
			isa = XCBuildConfiguration;
			buildSettings = {
				ALWAYS_SEARCH_USER_PATHS = NO;
				CLANG_CXX_LANGUAGE_STANDARD = "gnu++0x";
				CLANG_CXX_LIBRARY = "libc++";
				CLANG_WARN_CONSTANT_CONVERSION = YES;
				CLANG_WARN_EMPTY_BODY = YES;
				CLANG_WARN_ENUM_CONVERSION = YES;
				CLANG_WARN_INT_CONVERSION = YES;
				CLANG_WARN__DUPLICATE_METHOD_MATCH = YES;
				"CODE_SIGN_IDENTITY[sdk=iphoneos*]" = "iPhone Developer";
				COPY_PHASE_STRIP = YES;
				GCC_C_LANGUAGE_STANDARD = gnu99;
				GCC_WARN_ABOUT_RETURN_TYPE = YES;
				GCC_WARN_UNINITIALIZED_AUTOS = YES;
				GCC_WARN_UNUSED_VARIABLE = YES;
				IPHONEOS_DEPLOYMENT_TARGET = 6.1;
				OTHER_CFLAGS = "-DNS_BLOCK_ASSERTIONS=1";
				SDKROOT = iphoneos;
				VALIDATE_PRODUCT = YES;
			};
			name = Release;
		};
		5161B45B17A37CE500AEE2C9 /* Debug */ = {
			isa = XCBuildConfiguration;
			buildSettings = {
				GCC_PRECOMPILE_PREFIX_HEADER = YES;
				GCC_PREFIX_HEADER = "GitHubDemo/GitHubDemo-Prefix.pch";
				INFOPLIST_FILE = "GitHubDemo/GitHubDemo-Info.plist";
				PRODUCT_NAME = "$(TARGET_NAME)";
				WRAPPER_EXTENSION = app;
			};
			name = Debug;
		};
		5161B45C17A37CE500AEE2C9 /* Release */ = {
			isa = XCBuildConfiguration;
			buildSettings = {
				GCC_PRECOMPILE_PREFIX_HEADER = YES;
				GCC_PREFIX_HEADER = "GitHubDemo/GitHubDemo-Prefix.pch";
				INFOPLIST_FILE = "GitHubDemo/GitHubDemo-Info.plist";
				PRODUCT_NAME = "$(TARGET_NAME)";
				WRAPPER_EXTENSION = app;
			};
			name = Release;
		};
/* End XCBuildConfiguration section */

/* Begin XCConfigurationList section */
		5161B43217A37CE500AEE2C9 /* Build configuration list for PBXProject "GitHubDemo" */ = {
			isa = XCConfigurationList;
			buildConfigurations = (
				5161B45817A37CE500AEE2C9 /* Debug */,
				5161B45917A37CE500AEE2C9 /* Release */,
			);
			defaultConfigurationIsVisible = 0;
			defaultConfigurationName = Release;
		};
		5161B45A17A37CE500AEE2C9 /* Build configuration list for PBXNativeTarget "GitHubDemo" */ = {
			isa = XCConfigurationList;
			buildConfigurations = (
				5161B45B17A37CE500AEE2C9 /* Debug */,
				5161B45C17A37CE500AEE2C9 /* Release */,
			);
			defaultConfigurationIsVisible = 0;
		};
/* End XCConfigurationList section */
	};
	rootObject = 5161B42F17A37CE500AEE2C9 /* Project object */;
}
